
Microsoft Visual Studio Solution File, Format Version 12.00
# Visual Studio Version 17
VisualStudioVersion = 17.3.32922.545
MinimumVisualStudioVersion = 10.0.40219.1
Project("{9A19103F-16F7-4668-BE54-9A1E7A4F7556}") = "WebApplication1", "WebApplication1\WebApplication1.csproj", "{8EFF2400-F821-41BE-927B-41A7D215949E}"
EndProject
Global
	GlobalSection(SolutionConfigurationPlatforms) = preSolution
		Debug|Any CPU = Debug|Any CPU
		DEV|Any CPU = DEV|Any CPU
		otra|Any CPU = otra|Any CPU
		Release|Any CPU = Release|Any CPU
	EndGlobalSection
	GlobalSection(ProjectConfigurationPlatforms) = postSolution
		{8EFF2400-F821-41BE-927B-41A7D215949E}.Debug|Any CPU.ActiveCfg = Debug|Any CPU
		{8EFF2400-F821-41BE-927B-41A7D215949E}.Debug|Any CPU.Build.0 = Debug|Any CPU
		{8EFF2400-F821-41BE-927B-41A7D215949E}.DEV|Any CPU.ActiveCfg = DEV|Any CPU
		{8EFF2400-F821-41BE-927B-41A7D215949E}.DEV|Any CPU.Build.0 = DEV|Any CPU
		{8EFF2400-F821-41BE-927B-41A7D215949E}.otra|Any CPU.ActiveCfg = DEV|Any CPU
		{8EFF2400-F821-41BE-927B-41A7D215949E}.otra|Any CPU.Build.0 = DEV|Any CPU
		{8EFF2400-F821-41BE-927B-41A7D215949E}.Release|Any CPU.ActiveCfg = Release|Any CPU
		{8EFF2400-F821-41BE-927B-41A7D215949E}.Release|Any CPU.Build.0 = Release|Any CPU
	EndGlobalSection
	GlobalSection(SolutionProperties) = preSolution
		HideSolutionNode = FALSE
	EndGlobalSection
	GlobalSection(ExtensibilityGlobals) = postSolution
		SolutionGuid = {9996BED5-E5FE-4A9E-ACEF-43C0EE91E940}
	EndGlobalSection
EndGlobal
